
Microsoft Visual Studio Solution File, Format Version 12.00
# Visual Studio Version 17
VisualStudioVersion = 17.14.36429.23
MinimumVisualStudioVersion = 10.0.40219.1
Project("{FAE04EC0-301F-11D3-BF4B-00C04F79EFBC}") = "TestProject1", "TestProject1\TestProject1.csproj", "{F2FEFA68-65E0-42D7-855E-2D1A67E0CBC8}"
EndProject
Project("{FAE04EC0-301F-11D3-BF4B-00C04F79EFBC}") = "AgentPortalGatewayService", "AgentPortalGatewayService\AgentPortalGatewayService.csproj", "{4C4C4F06-2309-4AF5-97D5-FC1425A6686E}"
EndProject
Project("{FAE04EC0-301F-11D3-BF4B-00C04F79EFBC}") = "AgentPortalGatewayService.Api", "AgentPortalGatewayService.Api\AgentPortalGatewayService.Api.csproj", "{3C5B16B5-43AF-441D-BDC2-8BCDB6B32311}"
EndProject
Project("{FAE04EC0-301F-11D3-BF4B-00C04F79EFBC}") = "AgentPortalGatewayService.Test", "AgentPortalGatewayService.Test\AgentPortalGatewayService.Test.csproj", "{BFFF3455-66FD-40B7-8419-545703ACE8BA}"
EndProject
Project("{FAE04EC0-301F-11D3-BF4B-00C04F79EFBC}") = "AuthService", "AuthService\AuthService.csproj", "{A689635F-019D-476E-90CF-669685CFFC82}"
EndProject
Project("{FAE04EC0-301F-11D3-BF4B-00C04F79EFBC}") = "AuthService.Api", "AuthService.Api\AuthService.Api.csproj", "{4D113E55-F767-4D25-864F-E8D81BDEE82F}"
EndProject
Project("{FAE04EC0-301F-11D3-BF4B-00C04F79EFBC}") = "AuthService.Test", "AuthService.Test\AuthService.Test.csproj", "{119E45A7-A03F-4D45-8342-7A402CB321EB}"
EndProject
Project("{FAE04EC0-301F-11D3-BF4B-00C04F79EFBC}") = "ChatService", "ChatService\ChatService.csproj", "{EBFC0FC1-CBFC-4BC6-B080-98E597E8F33B}"
EndProject
Project("{FAE04EC0-301F-11D3-BF4B-00C04F79EFBC}") = "ChatService.Api", "ChatService.Api\ChatService.Api.csproj", "{10FAED68-7319-4DCE-8E03-BE0902530665}"
EndProject
Project("{FAE04EC0-301F-11D3-BF4B-00C04F79EFBC}") = "ChatService.Test", "ChatService.Test\ChatService.Test.csproj", "{BA74EB7A-82DB-4788-B4C4-39CD19005DE8}"
EndProject
Project("{FAE04EC0-301F-11D3-BF4B-00C04F79EFBC}") = "DocumentService", "DocumentService\DocumentService.csproj", "{06BD212D-A606-4A74-B8FF-AC81D5E2270A}"
EndProject
Project("{FAE04EC0-301F-11D3-BF4B-00C04F79EFBC}") = "DocumentService.Api", "DocumentService.Api\DocumentService.Api.csproj", "{AC087625-D075-4AC9-A7F2-E629EB0C8475}"
EndProject
Project("{FAE04EC0-301F-11D3-BF4B-00C04F79EFBC}") = "DocumentService.Test", "DocumentService.Test\DocumentService.Test.csproj", "{0DBD8B1B-1222-4EA6-B4FA-F8C51195A787}"
EndProject
Project("{FAE04EC0-301F-11D3-BF4B-00C04F79EFBC}") = "PaymentService", "PaymentService\PaymentService.csproj", "{FBA8898C-0E47-4A7C-AC0F-E47401EC8324}"
EndProject
Project("{FAE04EC0-301F-11D3-BF4B-00C04F79EFBC}") = "PaymentService.Api", "PaymentService.Api\PaymentService.Api.csproj", "{F72BA0A7-CB41-4A2E-8DBD-75009BFAD756}"
EndProject
Project("{FAE04EC0-301F-11D3-BF4B-00C04F79EFBC}") = "PaymentService.Test", "PaymentService.Test\PaymentService.Test.csproj", "{D268FABA-3E87-4F37-9CB3-4515B5F20E28}"
EndProject
Project("{FAE04EC0-301F-11D3-BF4B-00C04F79EFBC}") = "PolicySearchService", "PolicySearchService\PolicySearchService.csproj", "{248C60D9-160A-49D1-93C3-12E2E2B046C4}"
EndProject
Project("{FAE04EC0-301F-11D3-BF4B-00C04F79EFBC}") = "PolicySearchService.Api", "PolicySearchService.Api\PolicySearchService.Api.csproj", "{47DABC57-1E39-4844-9953-F016B8B2FA28}"
EndProject
Project("{FAE04EC0-301F-11D3-BF4B-00C04F79EFBC}") = "PolicySearchService.Test", "PolicySearchService.Test\PolicySearchService.Test.csproj", "{A2FF9D21-8FF8-4C12-8156-6182018B507A}"
EndProject
Project("{FAE04EC0-301F-11D3-BF4B-00C04F79EFBC}") = "PolicyService", "PolicyService\PolicyService.csproj", "{688BD20B-66AA-4573-84DA-79BC70A6939C}"
EndProject
Project("{FAE04EC0-301F-11D3-BF4B-00C04F79EFBC}") = "PolicyService.Api", "PolicyService.Api\PolicyService.Api.csproj", "{3EC8605F-286F-4059-A68E-AFEFC57B4EAF}"
EndProject
Project("{FAE04EC0-301F-11D3-BF4B-00C04F79EFBC}") = "PolicyService.Test", "PolicyService.Test\PolicyService.Test.csproj", "{32F6EACB-23F5-47A3-8D0E-7D7EF3BC2D80}"
EndProject
Project("{FAE04EC0-301F-11D3-BF4B-00C04F79EFBC}") = "PricingService", "PricingService\PricingService.csproj", "{08CDA0E3-ABA8-42BA-B478-D427455F0543}"
EndProject
Project("{FAE04EC0-301F-11D3-BF4B-00C04F79EFBC}") = "PricingService.Api", "PricingService.Api\PricingService.Api.csproj", "{481EF2A4-AA8D-4CE2-BC4D-06CE96B4BEEC}"
EndProject
Project("{FAE04EC0-301F-11D3-BF4B-00C04F79EFBC}") = "PricingService.Test", "PricingService.Test\PricingService.Test.csproj", "{9CD576B5-812A-4EA5-987C-72FA84D9F71C}"
EndProject
Project("{FAE04EC0-301F-11D3-BF4B-00C04F79EFBC}") = "ProductService", "ProductService\ProductService.csproj", "{737E4480-1918-4075-B48E-D7A94F591111}"
EndProject
Project("{FAE04EC0-301F-11D3-BF4B-00C04F79EFBC}") = "ProductService.Api", "ProductService.Api\ProductService.Api.csproj", "{9590BE09-B6B7-44B1-AE2D-B589EDB4AD70}"
EndProject
Project("{FAE04EC0-301F-11D3-BF4B-00C04F79EFBC}") = "ProductService.Test", "ProductService.Test\ProductService.Test.csproj", "{D83C48A9-75B1-4B32-AF24-C8D8E6B2FFA1}"
EndProject
Project("{FAE04EC0-301F-11D3-BF4B-00C04F79EFBC}") = "AgentPortalApiGateway", "AgentPortalApiGateway\AgentPortalApiGateway.csproj", "{8BDED974-C717-428C-D7B1-F1A2AF4831F1}"
EndProject
Project("{FAE04EC0-301F-11D3-BF4B-00C04F79EFBC}") = "BlazorWasmClient", "BlazorWasmClient\BlazorWasmClient.csproj", "{8F4F382E-0D66-134B-BD47-51268FCFBA19}"
EndProject
Project("{E24C65DC-7377-472B-9ABA-BC803B73C61A}") = "eureka-server", "eureka-server\", "{E97AA169-5906-9560-1805-7FE7597C83BB}"
	ProjectSection(WebsiteProperties) = preProject
		TargetFrameworkMoniker = ".NETFramework,Version%3Dv4.8"
		Debug.AspNetCompiler.VirtualPath = "/localhost_50105"
		Debug.AspNetCompiler.PhysicalPath = "eureka-server\"
		Debug.AspNetCompiler.TargetPath = "PrecompiledWeb\localhost_50105\"
		Debug.AspNetCompiler.Updateable = "true"
		Debug.AspNetCompiler.ForceOverwrite = "true"
		Debug.AspNetCompiler.FixedNames = "false"
		Debug.AspNetCompiler.Debug = "True"
		Release.AspNetCompiler.VirtualPath = "/localhost_50105"
		Release.AspNetCompiler.PhysicalPath = "eureka-server\"
		Release.AspNetCompiler.TargetPath = "PrecompiledWeb\localhost_50105\"
		Release.AspNetCompiler.Updateable = "true"
		Release.AspNetCompiler.ForceOverwrite = "true"
		Release.AspNetCompiler.FixedNames = "false"
		Release.AspNetCompiler.Debug = "False"
		VWDPort = "50105"
		SlnRelativePath = "eureka-server\"
	EndProjectSection
EndProject
Project("{E24C65DC-7377-472B-9ABA-BC803B73C61A}") = "scripts", "scripts\", "{19CD0B31-CDBA-7499-6B78-B3699FA91985}"
	ProjectSection(WebsiteProperties) = preProject
		TargetFrameworkMoniker = ".NETFramework,Version%3Dv4.8"
		Debug.AspNetCompiler.VirtualPath = "/localhost_50107"
		Debug.AspNetCompiler.PhysicalPath = "scripts\"
		Debug.AspNetCompiler.TargetPath = "PrecompiledWeb\localhost_50107\"
		Debug.AspNetCompiler.Updateable = "true"
		Debug.AspNetCompiler.ForceOverwrite = "true"
		Debug.AspNetCompiler.FixedNames = "false"
		Debug.AspNetCompiler.Debug = "True"
		Release.AspNetCompiler.VirtualPath = "/localhost_50107"
		Release.AspNetCompiler.PhysicalPath = "scripts\"
		Release.AspNetCompiler.TargetPath = "PrecompiledWeb\localhost_50107\"
		Release.AspNetCompiler.Updateable = "true"
		Release.AspNetCompiler.ForceOverwrite = "true"
		Release.AspNetCompiler.FixedNames = "false"
		Release.AspNetCompiler.Debug = "False"
		VWDPort = "50107"
		SlnRelativePath = "scripts\"
	EndProjectSection
EndProject
Project("{E24C65DC-7377-472B-9ABA-BC803B73C61A}") = "Web", "Web\", "{A9807B56-ABAE-FC54-E455-F6F1CAEFB532}"
	ProjectSection(WebsiteProperties) = preProject
		TargetFrameworkMoniker = ".NETFramework,Version%3Dv4.8"
		Debug.AspNetCompiler.VirtualPath = "/localhost_50108"
		Debug.AspNetCompiler.PhysicalPath = "Web\"
		Debug.AspNetCompiler.TargetPath = "PrecompiledWeb\localhost_50108\"
		Debug.AspNetCompiler.Updateable = "true"
		Debug.AspNetCompiler.ForceOverwrite = "true"
		Debug.AspNetCompiler.FixedNames = "false"
		Debug.AspNetCompiler.Debug = "True"
		Release.AspNetCompiler.VirtualPath = "/localhost_50108"
		Release.AspNetCompiler.PhysicalPath = "Web\"
		Release.AspNetCompiler.TargetPath = "PrecompiledWeb\localhost_50108\"
		Release.AspNetCompiler.Updateable = "true"
		Release.AspNetCompiler.ForceOverwrite = "true"
		Release.AspNetCompiler.FixedNames = "false"
		Release.AspNetCompiler.Debug = "False"
		VWDPort = "50108"
		SlnRelativePath = "Web\"
	EndProjectSection
EndProject
Project("{FAE04EC0-301F-11D3-BF4B-00C04F79EFBC}") = "PricingService.IntegrationTest", "PricingService.IntegrationTest\PricingService.IntegrationTest.csproj", "{98EAA7BB-3B9D-4D69-9FE0-DF3DD72F01F2}"
EndProject
Global
	GlobalSection(SolutionConfigurationPlatforms) = preSolution
		Debug|Any CPU = Debug|Any CPU
		Debug|x64 = Debug|x64
		Debug|x86 = Debug|x86
		Release|Any CPU = Release|Any CPU
		Release|x64 = Release|x64
		Release|x86 = Release|x86
	EndGlobalSection
	GlobalSection(ProjectConfigurationPlatforms) = postSolution
		{F2FEFA68-65E0-42D7-855E-2D1A67E0CBC8}.Debug|Any CPU.ActiveCfg = Debug|Any CPU
		{F2FEFA68-65E0-42D7-855E-2D1A67E0CBC8}.Debug|Any CPU.Build.0 = Debug|Any CPU
		{F2FEFA68-65E0-42D7-855E-2D1A67E0CBC8}.Debug|x64.ActiveCfg = Debug|Any CPU
		{F2FEFA68-65E0-42D7-855E-2D1A67E0CBC8}.Debug|x64.Build.0 = Debug|Any CPU
		{F2FEFA68-65E0-42D7-855E-2D1A67E0CBC8}.Debug|x86.ActiveCfg = Debug|Any CPU
		{F2FEFA68-65E0-42D7-855E-2D1A67E0CBC8}.Debug|x86.Build.0 = Debug|Any CPU
		{F2FEFA68-65E0-42D7-855E-2D1A67E0CBC8}.Release|Any CPU.ActiveCfg = Release|Any CPU
		{F2FEFA68-65E0-42D7-855E-2D1A67E0CBC8}.Release|Any CPU.Build.0 = Release|Any CPU
		{F2FEFA68-65E0-42D7-855E-2D1A67E0CBC8}.Release|x64.ActiveCfg = Release|Any CPU
		{F2FEFA68-65E0-42D7-855E-2D1A67E0CBC8}.Release|x64.Build.0 = Release|Any CPU
		{F2FEFA68-65E0-42D7-855E-2D1A67E0CBC8}.Release|x86.ActiveCfg = Release|Any CPU
		{F2FEFA68-65E0-42D7-855E-2D1A67E0CBC8}.Release|x86.Build.0 = Release|Any CPU
		{4C4C4F06-2309-4AF5-97D5-FC1425A6686E}.Debug|Any CPU.ActiveCfg = Debug|Any CPU
		{4C4C4F06-2309-4AF5-97D5-FC1425A6686E}.Debug|Any CPU.Build.0 = Debug|Any CPU
		{4C4C4F06-2309-4AF5-97D5-FC1425A6686E}.Debug|x64.ActiveCfg = Debug|Any CPU
		{4C4C4F06-2309-4AF5-97D5-FC1425A6686E}.Debug|x64.Build.0 = Debug|Any CPU
		{4C4C4F06-2309-4AF5-97D5-FC1425A6686E}.Debug|x86.ActiveCfg = Debug|Any CPU
		{4C4C4F06-2309-4AF5-97D5-FC1425A6686E}.Debug|x86.Build.0 = Debug|Any CPU
		{4C4C4F06-2309-4AF5-97D5-FC1425A6686E}.Release|Any CPU.ActiveCfg = Release|Any CPU
		{4C4C4F06-2309-4AF5-97D5-FC1425A6686E}.Release|Any CPU.Build.0 = Release|Any CPU
		{4C4C4F06-2309-4AF5-97D5-FC1425A6686E}.Release|x64.ActiveCfg = Release|Any CPU
		{4C4C4F06-2309-4AF5-97D5-FC1425A6686E}.Release|x64.Build.0 = Release|Any CPU
		{4C4C4F06-2309-4AF5-97D5-FC1425A6686E}.Release|x86.ActiveCfg = Release|Any CPU
		{4C4C4F06-2309-4AF5-97D5-FC1425A6686E}.Release|x86.Build.0 = Release|Any CPU
		{3C5B16B5-43AF-441D-BDC2-8BCDB6B32311}.Debug|Any CPU.ActiveCfg = Debug|Any CPU
		{3C5B16B5-43AF-441D-BDC2-8BCDB6B32311}.Debug|Any CPU.Build.0 = Debug|Any CPU
		{3C5B16B5-43AF-441D-BDC2-8BCDB6B32311}.Debug|x64.ActiveCfg = Debug|Any CPU
		{3C5B16B5-43AF-441D-BDC2-8BCDB6B32311}.Debug|x64.Build.0 = Debug|Any CPU
		{3C5B16B5-43AF-441D-BDC2-8BCDB6B32311}.Debug|x86.ActiveCfg = Debug|Any CPU
		{3C5B16B5-43AF-441D-BDC2-8BCDB6B32311}.Debug|x86.Build.0 = Debug|Any CPU
		{3C5B16B5-43AF-441D-BDC2-8BCDB6B32311}.Release|Any CPU.ActiveCfg = Release|Any CPU
		{3C5B16B5-43AF-441D-BDC2-8BCDB6B32311}.Release|Any CPU.Build.0 = Release|Any CPU
		{3C5B16B5-43AF-441D-BDC2-8BCDB6B32311}.Release|x64.ActiveCfg = Release|Any CPU
		{3C5B16B5-43AF-441D-BDC2-8BCDB6B32311}.Release|x64.Build.0 = Release|Any CPU
		{3C5B16B5-43AF-441D-BDC2-8BCDB6B32311}.Release|x86.ActiveCfg = Release|Any CPU
		{3C5B16B5-43AF-441D-BDC2-8BCDB6B32311}.Release|x86.Build.0 = Release|Any CPU
		{BFFF3455-66FD-40B7-8419-545703ACE8BA}.Debug|Any CPU.ActiveCfg = Debug|Any CPU
		{BFFF3455-66FD-40B7-8419-545703ACE8BA}.Debug|Any CPU.Build.0 = Debug|Any CPU
		{BFFF3455-66FD-40B7-8419-545703ACE8BA}.Debug|x64.ActiveCfg = Debug|Any CPU
		{BFFF3455-66FD-40B7-8419-545703ACE8BA}.Debug|x64.Build.0 = Debug|Any CPU
		{BFFF3455-66FD-40B7-8419-545703ACE8BA}.Debug|x86.ActiveCfg = Debug|Any CPU
		{BFFF3455-66FD-40B7-8419-545703ACE8BA}.Debug|x86.Build.0 = Debug|Any CPU
		{BFFF3455-66FD-40B7-8419-545703ACE8BA}.Release|Any CPU.ActiveCfg = Release|Any CPU
		{BFFF3455-66FD-40B7-8419-545703ACE8BA}.Release|Any CPU.Build.0 = Release|Any CPU
		{BFFF3455-66FD-40B7-8419-545703ACE8BA}.Release|x64.ActiveCfg = Release|Any CPU
		{BFFF3455-66FD-40B7-8419-545703ACE8BA}.Release|x64.Build.0 = Release|Any CPU
		{BFFF3455-66FD-40B7-8419-545703ACE8BA}.Release|x86.ActiveCfg = Release|Any CPU
		{BFFF3455-66FD-40B7-8419-545703ACE8BA}.Release|x86.Build.0 = Release|Any CPU
		{A689635F-019D-476E-90CF-669685CFFC82}.Debug|Any CPU.ActiveCfg = Debug|Any CPU
		{A689635F-019D-476E-90CF-669685CFFC82}.Debug|Any CPU.Build.0 = Debug|Any CPU
		{A689635F-019D-476E-90CF-669685CFFC82}.Debug|x64.ActiveCfg = Debug|Any CPU
		{A689635F-019D-476E-90CF-669685CFFC82}.Debug|x64.Build.0 = Debug|Any CPU
		{A689635F-019D-476E-90CF-669685CFFC82}.Debug|x86.ActiveCfg = Debug|Any CPU
		{A689635F-019D-476E-90CF-669685CFFC82}.Debug|x86.Build.0 = Debug|Any CPU
		{A689635F-019D-476E-90CF-669685CFFC82}.Release|Any CPU.ActiveCfg = Release|Any CPU
		{A689635F-019D-476E-90CF-669685CFFC82}.Release|Any CPU.Build.0 = Release|Any CPU
		{A689635F-019D-476E-90CF-669685CFFC82}.Release|x64.ActiveCfg = Release|Any CPU
		{A689635F-019D-476E-90CF-669685CFFC82}.Release|x64.Build.0 = Release|Any CPU
		{A689635F-019D-476E-90CF-669685CFFC82}.Release|x86.ActiveCfg = Release|Any CPU
		{A689635F-019D-476E-90CF-669685CFFC82}.Release|x86.Build.0 = Release|Any CPU
		{4D113E55-F767-4D25-864F-E8D81BDEE82F}.Debug|Any CPU.ActiveCfg = Debug|Any CPU
		{4D113E55-F767-4D25-864F-E8D81BDEE82F}.Debug|Any CPU.Build.0 = Debug|Any CPU
		{4D113E55-F767-4D25-864F-E8D81BDEE82F}.Debug|x64.ActiveCfg = Debug|Any CPU
		{4D113E55-F767-4D25-864F-E8D81BDEE82F}.Debug|x64.Build.0 = Debug|Any CPU
		{4D113E55-F767-4D25-864F-E8D81BDEE82F}.Debug|x86.ActiveCfg = Debug|Any CPU
		{4D113E55-F767-4D25-864F-E8D81BDEE82F}.Debug|x86.Build.0 = Debug|Any CPU
		{4D113E55-F767-4D25-864F-E8D81BDEE82F}.Release|Any CPU.ActiveCfg = Release|Any CPU
		{4D113E55-F767-4D25-864F-E8D81BDEE82F}.Release|Any CPU.Build.0 = Release|Any CPU
		{4D113E55-F767-4D25-864F-E8D81BDEE82F}.Release|x64.ActiveCfg = Release|Any CPU
		{4D113E55-F767-4D25-864F-E8D81BDEE82F}.Release|x64.Build.0 = Release|Any CPU
		{4D113E55-F767-4D25-864F-E8D81BDEE82F}.Release|x86.ActiveCfg = Release|Any CPU
		{4D113E55-F767-4D25-864F-E8D81BDEE82F}.Release|x86.Build.0 = Release|Any CPU
		{119E45A7-A03F-4D45-8342-7A402CB321EB}.Debug|Any CPU.ActiveCfg = Debug|Any CPU
		{119E45A7-A03F-4D45-8342-7A402CB321EB}.Debug|Any CPU.Build.0 = Debug|Any CPU
		{119E45A7-A03F-4D45-8342-7A402CB321EB}.Debug|x64.ActiveCfg = Debug|Any CPU
		{119E45A7-A03F-4D45-8342-7A402CB321EB}.Debug|x64.Build.0 = Debug|Any CPU
		{119E45A7-A03F-4D45-8342-7A402CB321EB}.Debug|x86.ActiveCfg = Debug|Any CPU
		{119E45A7-A03F-4D45-8342-7A402CB321EB}.Debug|x86.Build.0 = Debug|Any CPU
		{119E45A7-A03F-4D45-8342-7A402CB321EB}.Release|Any CPU.ActiveCfg = Release|Any CPU
		{119E45A7-A03F-4D45-8342-7A402CB321EB}.Release|Any CPU.Build.0 = Release|Any CPU
		{119E45A7-A03F-4D45-8342-7A402CB321EB}.Release|x64.ActiveCfg = Release|Any CPU
		{119E45A7-A03F-4D45-8342-7A402CB321EB}.Release|x64.Build.0 = Release|Any CPU
		{119E45A7-A03F-4D45-8342-7A402CB321EB}.Release|x86.ActiveCfg = Release|Any CPU
		{119E45A7-A03F-4D45-8342-7A402CB321EB}.Release|x86.Build.0 = Release|Any CPU
		{EBFC0FC1-CBFC-4BC6-B080-98E597E8F33B}.Debug|Any CPU.ActiveCfg = Debug|Any CPU
		{EBFC0FC1-CBFC-4BC6-B080-98E597E8F33B}.Debug|Any CPU.Build.0 = Debug|Any CPU
		{EBFC0FC1-CBFC-4BC6-B080-98E597E8F33B}.Debug|x64.ActiveCfg = Debug|Any CPU
		{EBFC0FC1-CBFC-4BC6-B080-98E597E8F33B}.Debug|x64.Build.0 = Debug|Any CPU
		{EBFC0FC1-CBFC-4BC6-B080-98E597E8F33B}.Debug|x86.ActiveCfg = Debug|Any CPU
		{EBFC0FC1-CBFC-4BC6-B080-98E597E8F33B}.Debug|x86.Build.0 = Debug|Any CPU
		{EBFC0FC1-CBFC-4BC6-B080-98E597E8F33B}.Release|Any CPU.ActiveCfg = Release|Any CPU
		{EBFC0FC1-CBFC-4BC6-B080-98E597E8F33B}.Release|Any CPU.Build.0 = Release|Any CPU
		{EBFC0FC1-CBFC-4BC6-B080-98E597E8F33B}.Release|x64.ActiveCfg = Release|Any CPU
		{EBFC0FC1-CBFC-4BC6-B080-98E597E8F33B}.Release|x64.Build.0 = Release|Any CPU
		{EBFC0FC1-CBFC-4BC6-B080-98E597E8F33B}.Release|x86.ActiveCfg = Release|Any CPU
		{EBFC0FC1-CBFC-4BC6-B080-98E597E8F33B}.Release|x86.Build.0 = Release|Any CPU
		{10FAED68-7319-4DCE-8E03-BE0902530665}.Debug|Any CPU.ActiveCfg = Debug|Any CPU
		{10FAED68-7319-4DCE-8E03-BE0902530665}.Debug|Any CPU.Build.0 = Debug|Any CPU
		{10FAED68-7319-4DCE-8E03-BE0902530665}.Debug|x64.ActiveCfg = Debug|Any CPU
		{10FAED68-7319-4DCE-8E03-BE0902530665}.Debug|x64.Build.0 = Debug|Any CPU
		{10FAED68-7319-4DCE-8E03-BE0902530665}.Debug|x86.ActiveCfg = Debug|Any CPU
		{10FAED68-7319-4DCE-8E03-BE0902530665}.Debug|x86.Build.0 = Debug|Any CPU
		{10FAED68-7319-4DCE-8E03-BE0902530665}.Release|Any CPU.ActiveCfg = Release|Any CPU
		{10FAED68-7319-4DCE-8E03-BE0902530665}.Release|Any CPU.Build.0 = Release|Any CPU
		{10FAED68-7319-4DCE-8E03-BE0902530665}.Release|x64.ActiveCfg = Release|Any CPU
		{10FAED68-7319-4DCE-8E03-BE0902530665}.Release|x64.Build.0 = Release|Any CPU
		{10FAED68-7319-4DCE-8E03-BE0902530665}.Release|x86.ActiveCfg = Release|Any CPU
		{10FAED68-7319-4DCE-8E03-BE0902530665}.Release|x86.Build.0 = Release|Any CPU
		{BA74EB7A-82DB-4788-B4C4-39CD19005DE8}.Debug|Any CPU.ActiveCfg = Debug|Any CPU
		{BA74EB7A-82DB-4788-B4C4-39CD19005DE8}.Debug|Any CPU.Build.0 = Debug|Any CPU
		{BA74EB7A-82DB-4788-B4C4-39CD19005DE8}.Debug|x64.ActiveCfg = Debug|Any CPU
		{BA74EB7A-82DB-4788-B4C4-39CD19005DE8}.Debug|x64.Build.0 = Debug|Any CPU
		{BA74EB7A-82DB-4788-B4C4-39CD19005DE8}.Debug|x86.ActiveCfg = Debug|Any CPU
		{BA74EB7A-82DB-4788-B4C4-39CD19005DE8}.Debug|x86.Build.0 = Debug|Any CPU
		{BA74EB7A-82DB-4788-B4C4-39CD19005DE8}.Release|Any CPU.ActiveCfg = Release|Any CPU
		{BA74EB7A-82DB-4788-B4C4-39CD19005DE8}.Release|Any CPU.Build.0 = Release|Any CPU
		{BA74EB7A-82DB-4788-B4C4-39CD19005DE8}.Release|x64.ActiveCfg = Release|Any CPU
		{BA74EB7A-82DB-4788-B4C4-39CD19005DE8}.Release|x64.Build.0 = Release|Any CPU
		{BA74EB7A-82DB-4788-B4C4-39CD19005DE8}.Release|x86.ActiveCfg = Release|Any CPU
		{BA74EB7A-82DB-4788-B4C4-39CD19005DE8}.Release|x86.Build.0 = Release|Any CPU
		{06BD212D-A606-4A74-B8FF-AC81D5E2270A}.Debug|Any CPU.ActiveCfg = Debug|Any CPU
		{06BD212D-A606-4A74-B8FF-AC81D5E2270A}.Debug|Any CPU.Build.0 = Debug|Any CPU
		{06BD212D-A606-4A74-B8FF-AC81D5E2270A}.Debug|x64.ActiveCfg = Debug|Any CPU
		{06BD212D-A606-4A74-B8FF-AC81D5E2270A}.Debug|x64.Build.0 = Debug|Any CPU
		{06BD212D-A606-4A74-B8FF-AC81D5E2270A}.Debug|x86.ActiveCfg = Debug|Any CPU
		{06BD212D-A606-4A74-B8FF-AC81D5E2270A}.Debug|x86.Build.0 = Debug|Any CPU
		{06BD212D-A606-4A74-B8FF-AC81D5E2270A}.Release|Any CPU.ActiveCfg = Release|Any CPU
		{06BD212D-A606-4A74-B8FF-AC81D5E2270A}.Release|Any CPU.Build.0 = Release|Any CPU
		{06BD212D-A606-4A74-B8FF-AC81D5E2270A}.Release|x64.ActiveCfg = Release|Any CPU
		{06BD212D-A606-4A74-B8FF-AC81D5E2270A}.Release|x64.Build.0 = Release|Any CPU
		{06BD212D-A606-4A74-B8FF-AC81D5E2270A}.Release|x86.ActiveCfg = Release|Any CPU
		{06BD212D-A606-4A74-B8FF-AC81D5E2270A}.Release|x86.Build.0 = Release|Any CPU
		{AC087625-D075-4AC9-A7F2-E629EB0C8475}.Debug|Any CPU.ActiveCfg = Debug|Any CPU
		{AC087625-D075-4AC9-A7F2-E629EB0C8475}.Debug|Any CPU.Build.0 = Debug|Any CPU
		{AC087625-D075-4AC9-A7F2-E629EB0C8475}.Debug|x64.ActiveCfg = Debug|Any CPU
		{AC087625-D075-4AC9-A7F2-E629EB0C8475}.Debug|x64.Build.0 = Debug|Any CPU
		{AC087625-D075-4AC9-A7F2-E629EB0C8475}.Debug|x86.ActiveCfg = Debug|Any CPU
		{AC087625-D075-4AC9-A7F2-E629EB0C8475}.Debug|x86.Build.0 = Debug|Any CPU
		{AC087625-D075-4AC9-A7F2-E629EB0C8475}.Release|Any CPU.ActiveCfg = Release|Any CPU
		{AC087625-D075-4AC9-A7F2-E629EB0C8475}.Release|Any CPU.Build.0 = Release|Any CPU
		{AC087625-D075-4AC9-A7F2-E629EB0C8475}.Release|x64.ActiveCfg = Release|Any CPU
		{AC087625-D075-4AC9-A7F2-E629EB0C8475}.Release|x64.Build.0 = Release|Any CPU
		{AC087625-D075-4AC9-A7F2-E629EB0C8475}.Release|x86.ActiveCfg = Release|Any CPU
		{AC087625-D075-4AC9-A7F2-E629EB0C8475}.Release|x86.Build.0 = Release|Any CPU
		{0DBD8B1B-1222-4EA6-B4FA-F8C51195A787}.Debug|Any CPU.ActiveCfg = Debug|Any CPU
		{0DBD8B1B-1222-4EA6-B4FA-F8C51195A787}.Debug|Any CPU.Build.0 = Debug|Any CPU
		{0DBD8B1B-1222-4EA6-B4FA-F8C51195A787}.Debug|x64.ActiveCfg = Debug|Any CPU
		{0DBD8B1B-1222-4EA6-B4FA-F8C51195A787}.Debug|x64.Build.0 = Debug|Any CPU
		{0DBD8B1B-1222-4EA6-B4FA-F8C51195A787}.Debug|x86.ActiveCfg = Debug|Any CPU
		{0DBD8B1B-1222-4EA6-B4FA-F8C51195A787}.Debug|x86.Build.0 = Debug|Any CPU
		{0DBD8B1B-1222-4EA6-B4FA-F8C51195A787}.Release|Any CPU.ActiveCfg = Release|Any CPU
		{0DBD8B1B-1222-4EA6-B4FA-F8C51195A787}.Release|Any CPU.Build.0 = Release|Any CPU
		{0DBD8B1B-1222-4EA6-B4FA-F8C51195A787}.Release|x64.ActiveCfg = Release|Any CPU
		{0DBD8B1B-1222-4EA6-B4FA-F8C51195A787}.Release|x64.Build.0 = Release|Any CPU
		{0DBD8B1B-1222-4EA6-B4FA-F8C51195A787}.Release|x86.ActiveCfg = Release|Any CPU
		{0DBD8B1B-1222-4EA6-B4FA-F8C51195A787}.Release|x86.Build.0 = Release|Any CPU
		{FBA8898C-0E47-4A7C-AC0F-E47401EC8324}.Debug|Any CPU.ActiveCfg = Debug|Any CPU
		{FBA8898C-0E47-4A7C-AC0F-E47401EC8324}.Debug|Any CPU.Build.0 = Debug|Any CPU
		{FBA8898C-0E47-4A7C-AC0F-E47401EC8324}.Debug|x64.ActiveCfg = Debug|Any CPU
		{FBA8898C-0E47-4A7C-AC0F-E47401EC8324}.Debug|x64.Build.0 = Debug|Any CPU
		{FBA8898C-0E47-4A7C-AC0F-E47401EC8324}.Debug|x86.ActiveCfg = Debug|Any CPU
		{FBA8898C-0E47-4A7C-AC0F-E47401EC8324}.Debug|x86.Build.0 = Debug|Any CPU
		{FBA8898C-0E47-4A7C-AC0F-E47401EC8324}.Release|Any CPU.ActiveCfg = Release|Any CPU
		{FBA8898C-0E47-4A7C-AC0F-E47401EC8324}.Release|Any CPU.Build.0 = Release|Any CPU
		{FBA8898C-0E47-4A7C-AC0F-E47401EC8324}.Release|x64.ActiveCfg = Release|Any CPU
		{FBA8898C-0E47-4A7C-AC0F-E47401EC8324}.Release|x64.Build.0 = Release|Any CPU
		{FBA8898C-0E47-4A7C-AC0F-E47401EC8324}.Release|x86.ActiveCfg = Release|Any CPU
		{FBA8898C-0E47-4A7C-AC0F-E47401EC8324}.Release|x86.Build.0 = Release|Any CPU
		{F72BA0A7-CB41-4A2E-8DBD-75009BFAD756}.Debug|Any CPU.ActiveCfg = Debug|Any CPU
		{F72BA0A7-CB41-4A2E-8DBD-75009BFAD756}.Debug|Any CPU.Build.0 = Debug|Any CPU
		{F72BA0A7-CB41-4A2E-8DBD-75009BFAD756}.Debug|x64.ActiveCfg = Debug|Any CPU
		{F72BA0A7-CB41-4A2E-8DBD-75009BFAD756}.Debug|x64.Build.0 = Debug|Any CPU
		{F72BA0A7-CB41-4A2E-8DBD-75009BFAD756}.Debug|x86.ActiveCfg = Debug|Any CPU
		{F72BA0A7-CB41-4A2E-8DBD-75009BFAD756}.Debug|x86.Build.0 = Debug|Any CPU
		{F72BA0A7-CB41-4A2E-8DBD-75009BFAD756}.Release|Any CPU.ActiveCfg = Release|Any CPU
		{F72BA0A7-CB41-4A2E-8DBD-75009BFAD756}.Release|Any CPU.Build.0 = Release|Any CPU
		{F72BA0A7-CB41-4A2E-8DBD-75009BFAD756}.Release|x64.ActiveCfg = Release|Any CPU
		{F72BA0A7-CB41-4A2E-8DBD-75009BFAD756}.Release|x64.Build.0 = Release|Any CPU
		{F72BA0A7-CB41-4A2E-8DBD-75009BFAD756}.Release|x86.ActiveCfg = Release|Any CPU
		{F72BA0A7-CB41-4A2E-8DBD-75009BFAD756}.Release|x86.Build.0 = Release|Any CPU
		{D268FABA-3E87-4F37-9CB3-4515B5F20E28}.Debug|Any CPU.ActiveCfg = Debug|Any CPU
		{D268FABA-3E87-4F37-9CB3-4515B5F20E28}.Debug|Any CPU.Build.0 = Debug|Any CPU
		{D268FABA-3E87-4F37-9CB3-4515B5F20E28}.Debug|x64.ActiveCfg = Debug|Any CPU
		{D268FABA-3E87-4F37-9CB3-4515B5F20E28}.Debug|x64.Build.0 = Debug|Any CPU
		{D268FABA-3E87-4F37-9CB3-4515B5F20E28}.Debug|x86.ActiveCfg = Debug|Any CPU
		{D268FABA-3E87-4F37-9CB3-4515B5F20E28}.Debug|x86.Build.0 = Debug|Any CPU
		{D268FABA-3E87-4F37-9CB3-4515B5F20E28}.Release|Any CPU.ActiveCfg = Release|Any CPU
		{D268FABA-3E87-4F37-9CB3-4515B5F20E28}.Release|Any CPU.Build.0 = Release|Any CPU
		{D268FABA-3E87-4F37-9CB3-4515B5F20E28}.Release|x64.ActiveCfg = Release|Any CPU
		{D268FABA-3E87-4F37-9CB3-4515B5F20E28}.Release|x64.Build.0 = Release|Any CPU
		{D268FABA-3E87-4F37-9CB3-4515B5F20E28}.Release|x86.ActiveCfg = Release|Any CPU
		{D268FABA-3E87-4F37-9CB3-4515B5F20E28}.Release|x86.Build.0 = Release|Any CPU
		{248C60D9-160A-49D1-93C3-12E2E2B046C4}.Debug|Any CPU.ActiveCfg = Debug|Any CPU
		{248C60D9-160A-49D1-93C3-12E2E2B046C4}.Debug|Any CPU.Build.0 = Debug|Any CPU
		{248C60D9-160A-49D1-93C3-12E2E2B046C4}.Debug|x64.ActiveCfg = Debug|Any CPU
		{248C60D9-160A-49D1-93C3-12E2E2B046C4}.Debug|x64.Build.0 = Debug|Any CPU
		{248C60D9-160A-49D1-93C3-12E2E2B046C4}.Debug|x86.ActiveCfg = Debug|Any CPU
		{248C60D9-160A-49D1-93C3-12E2E2B046C4}.Debug|x86.Build.0 = Debug|Any CPU
		{248C60D9-160A-49D1-93C3-12E2E2B046C4}.Release|Any CPU.ActiveCfg = Release|Any CPU
		{248C60D9-160A-49D1-93C3-12E2E2B046C4}.Release|Any CPU.Build.0 = Release|Any CPU
		{248C60D9-160A-49D1-93C3-12E2E2B046C4}.Release|x64.ActiveCfg = Release|Any CPU
		{248C60D9-160A-49D1-93C3-12E2E2B046C4}.Release|x64.Build.0 = Release|Any CPU
		{248C60D9-160A-49D1-93C3-12E2E2B046C4}.Release|x86.ActiveCfg = Release|Any CPU
		{248C60D9-160A-49D1-93C3-12E2E2B046C4}.Release|x86.Build.0 = Release|Any CPU
		{47DABC57-1E39-4844-9953-F016B8B2FA28}.Debug|Any CPU.ActiveCfg = Debug|Any CPU
		{47DABC57-1E39-4844-9953-F016B8B2FA28}.Debug|Any CPU.Build.0 = Debug|Any CPU
		{47DABC57-1E39-4844-9953-F016B8B2FA28}.Debug|x64.ActiveCfg = Debug|Any CPU
		{47DABC57-1E39-4844-9953-F016B8B2FA28}.Debug|x64.Build.0 = Debug|Any CPU
		{47DABC57-1E39-4844-9953-F016B8B2FA28}.Debug|x86.ActiveCfg = Debug|Any CPU
		{47DABC57-1E39-4844-9953-F016B8B2FA28}.Debug|x86.Build.0 = Debug|Any CPU
		{47DABC57-1E39-4844-9953-F016B8B2FA28}.Release|Any CPU.ActiveCfg = Release|Any CPU
		{47DABC57-1E39-4844-9953-F016B8B2FA28}.Release|Any CPU.Build.0 = Release|Any CPU
		{47DABC57-1E39-4844-9953-F016B8B2FA28}.Release|x64.ActiveCfg = Release|Any CPU
		{47DABC57-1E39-4844-9953-F016B8B2FA28}.Release|x64.Build.0 = Release|Any CPU
		{47DABC57-1E39-4844-9953-F016B8B2FA28}.Release|x86.ActiveCfg = Release|Any CPU
		{47DABC57-1E39-4844-9953-F016B8B2FA28}.Release|x86.Build.0 = Release|Any CPU
		{A2FF9D21-8FF8-4C12-8156-6182018B507A}.Debug|Any CPU.ActiveCfg = Debug|Any CPU
		{A2FF9D21-8FF8-4C12-8156-6182018B507A}.Debug|Any CPU.Build.0 = Debug|Any CPU
		{A2FF9D21-8FF8-4C12-8156-6182018B507A}.Debug|x64.ActiveCfg = Debug|Any CPU
		{A2FF9D21-8FF8-4C12-8156-6182018B507A}.Debug|x64.Build.0 = Debug|Any CPU
		{A2FF9D21-8FF8-4C12-8156-6182018B507A}.Debug|x86.ActiveCfg = Debug|Any CPU
		{A2FF9D21-8FF8-4C12-8156-6182018B507A}.Debug|x86.Build.0 = Debug|Any CPU
		{A2FF9D21-8FF8-4C12-8156-6182018B507A}.Release|Any CPU.ActiveCfg = Release|Any CPU
		{A2FF9D21-8FF8-4C12-8156-6182018B507A}.Release|Any CPU.Build.0 = Release|Any CPU
		{A2FF9D21-8FF8-4C12-8156-6182018B507A}.Release|x64.ActiveCfg = Release|Any CPU
		{A2FF9D21-8FF8-4C12-8156-6182018B507A}.Release|x64.Build.0 = Release|Any CPU
		{A2FF9D21-8FF8-4C12-8156-6182018B507A}.Release|x86.ActiveCfg = Release|Any CPU
		{A2FF9D21-8FF8-4C12-8156-6182018B507A}.Release|x86.Build.0 = Release|Any CPU
		{688BD20B-66AA-4573-84DA-79BC70A6939C}.Debug|Any CPU.ActiveCfg = Debug|Any CPU
		{688BD20B-66AA-4573-84DA-79BC70A6939C}.Debug|Any CPU.Build.0 = Debug|Any CPU
		{688BD20B-66AA-4573-84DA-79BC70A6939C}.Debug|x64.ActiveCfg = Debug|Any CPU
		{688BD20B-66AA-4573-84DA-79BC70A6939C}.Debug|x64.Build.0 = Debug|Any CPU
		{688BD20B-66AA-4573-84DA-79BC70A6939C}.Debug|x86.ActiveCfg = Debug|Any CPU
		{688BD20B-66AA-4573-84DA-79BC70A6939C}.Debug|x86.Build.0 = Debug|Any CPU
		{688BD20B-66AA-4573-84DA-79BC70A6939C}.Release|Any CPU.ActiveCfg = Release|Any CPU
		{688BD20B-66AA-4573-84DA-79BC70A6939C}.Release|Any CPU.Build.0 = Release|Any CPU
		{688BD20B-66AA-4573-84DA-79BC70A6939C}.Release|x64.ActiveCfg = Release|Any CPU
		{688BD20B-66AA-4573-84DA-79BC70A6939C}.Release|x64.Build.0 = Release|Any CPU
		{688BD20B-66AA-4573-84DA-79BC70A6939C}.Release|x86.ActiveCfg = Release|Any CPU
		{688BD20B-66AA-4573-84DA-79BC70A6939C}.Release|x86.Build.0 = Release|Any CPU
		{3EC8605F-286F-4059-A68E-AFEFC57B4EAF}.Debug|Any CPU.ActiveCfg = Debug|Any CPU
		{3EC8605F-286F-4059-A68E-AFEFC57B4EAF}.Debug|Any CPU.Build.0 = Debug|Any CPU
		{3EC8605F-286F-4059-A68E-AFEFC57B4EAF}.Debug|x64.ActiveCfg = Debug|Any CPU
		{3EC8605F-286F-4059-A68E-AFEFC57B4EAF}.Debug|x64.Build.0 = Debug|Any CPU
		{3EC8605F-286F-4059-A68E-AFEFC57B4EAF}.Debug|x86.ActiveCfg = Debug|Any CPU
		{3EC8605F-286F-4059-A68E-AFEFC57B4EAF}.Debug|x86.Build.0 = Debug|Any CPU
		{3EC8605F-286F-4059-A68E-AFEFC57B4EAF}.Release|Any CPU.ActiveCfg = Release|Any CPU
		{3EC8605F-286F-4059-A68E-AFEFC57B4EAF}.Release|Any CPU.Build.0 = Release|Any CPU
		{3EC8605F-286F-4059-A68E-AFEFC57B4EAF}.Release|x64.ActiveCfg = Release|Any CPU
		{3EC8605F-286F-4059-A68E-AFEFC57B4EAF}.Release|x64.Build.0 = Release|Any CPU
		{3EC8605F-286F-4059-A68E-AFEFC57B4EAF}.Release|x86.ActiveCfg = Release|Any CPU
		{3EC8605F-286F-4059-A68E-AFEFC57B4EAF}.Release|x86.Build.0 = Release|Any CPU
		{32F6EACB-23F5-47A3-8D0E-7D7EF3BC2D80}.Debug|Any CPU.ActiveCfg = Debug|Any CPU
		{32F6EACB-23F5-47A3-8D0E-7D7EF3BC2D80}.Debug|Any CPU.Build.0 = Debug|Any CPU
		{32F6EACB-23F5-47A3-8D0E-7D7EF3BC2D80}.Debug|x64.ActiveCfg = Debug|Any CPU
		{32F6EACB-23F5-47A3-8D0E-7D7EF3BC2D80}.Debug|x64.Build.0 = Debug|Any CPU
		{32F6EACB-23F5-47A3-8D0E-7D7EF3BC2D80}.Debug|x86.ActiveCfg = Debug|Any CPU
		{32F6EACB-23F5-47A3-8D0E-7D7EF3BC2D80}.Debug|x86.Build.0 = Debug|Any CPU
		{32F6EACB-23F5-47A3-8D0E-7D7EF3BC2D80}.Release|Any CPU.ActiveCfg = Release|Any CPU
		{32F6EACB-23F5-47A3-8D0E-7D7EF3BC2D80}.Release|Any CPU.Build.0 = Release|Any CPU
		{32F6EACB-23F5-47A3-8D0E-7D7EF3BC2D80}.Release|x64.ActiveCfg = Release|Any CPU
		{32F6EACB-23F5-47A3-8D0E-7D7EF3BC2D80}.Release|x64.Build.0 = Release|Any CPU
		{32F6EACB-23F5-47A3-8D0E-7D7EF3BC2D80}.Release|x86.ActiveCfg = Release|Any CPU
		{32F6EACB-23F5-47A3-8D0E-7D7EF3BC2D80}.Release|x86.Build.0 = Release|Any CPU
		{08CDA0E3-ABA8-42BA-B478-D427455F0543}.Debug|Any CPU.ActiveCfg = Debug|Any CPU
		{08CDA0E3-ABA8-42BA-B478-D427455F0543}.Debug|Any CPU.Build.0 = Debug|Any CPU
		{08CDA0E3-ABA8-42BA-B478-D427455F0543}.Debug|x64.ActiveCfg = Debug|Any CPU
		{08CDA0E3-ABA8-42BA-B478-D427455F0543}.Debug|x64.Build.0 = Debug|Any CPU
		{08CDA0E3-ABA8-42BA-B478-D427455F0543}.Debug|x86.ActiveCfg = Debug|Any CPU
		{08CDA0E3-ABA8-42BA-B478-D427455F0543}.Debug|x86.Build.0 = Debug|Any CPU
		{08CDA0E3-ABA8-42BA-B478-D427455F0543}.Release|Any CPU.ActiveCfg = Release|Any CPU
		{08CDA0E3-ABA8-42BA-B478-D427455F0543}.Release|Any CPU.Build.0 = Release|Any CPU
		{08CDA0E3-ABA8-42BA-B478-D427455F0543}.Release|x64.ActiveCfg = Release|Any CPU
		{08CDA0E3-ABA8-42BA-B478-D427455F0543}.Release|x64.Build.0 = Release|Any CPU
		{08CDA0E3-ABA8-42BA-B478-D427455F0543}.Release|x86.ActiveCfg = Release|Any CPU
		{08CDA0E3-ABA8-42BA-B478-D427455F0543}.Release|x86.Build.0 = Release|Any CPU
		{481EF2A4-AA8D-4CE2-BC4D-06CE96B4BEEC}.Debug|Any CPU.ActiveCfg = Debug|Any CPU
		{481EF2A4-AA8D-4CE2-BC4D-06CE96B4BEEC}.Debug|Any CPU.Build.0 = Debug|Any CPU
		{481EF2A4-AA8D-4CE2-BC4D-06CE96B4BEEC}.Debug|x64.ActiveCfg = Debug|Any CPU
		{481EF2A4-AA8D-4CE2-BC4D-06CE96B4BEEC}.Debug|x64.Build.0 = Debug|Any CPU
		{481EF2A4-AA8D-4CE2-BC4D-06CE96B4BEEC}.Debug|x86.ActiveCfg = Debug|Any CPU
		{481EF2A4-AA8D-4CE2-BC4D-06CE96B4BEEC}.Debug|x86.Build.0 = Debug|Any CPU
		{481EF2A4-AA8D-4CE2-BC4D-06CE96B4BEEC}.Release|Any CPU.ActiveCfg = Release|Any CPU
		{481EF2A4-AA8D-4CE2-BC4D-06CE96B4BEEC}.Release|Any CPU.Build.0 = Release|Any CPU
		{481EF2A4-AA8D-4CE2-BC4D-06CE96B4BEEC}.Release|x64.ActiveCfg = Release|Any CPU
		{481EF2A4-AA8D-4CE2-BC4D-06CE96B4BEEC}.Release|x64.Build.0 = Release|Any CPU
		{481EF2A4-AA8D-4CE2-BC4D-06CE96B4BEEC}.Release|x86.ActiveCfg = Release|Any CPU
		{481EF2A4-AA8D-4CE2-BC4D-06CE96B4BEEC}.Release|x86.Build.0 = Release|Any CPU
		{9CD576B5-812A-4EA5-987C-72FA84D9F71C}.Debug|Any CPU.ActiveCfg = Debug|Any CPU
		{9CD576B5-812A-4EA5-987C-72FA84D9F71C}.Debug|Any CPU.Build.0 = Debug|Any CPU
		{9CD576B5-812A-4EA5-987C-72FA84D9F71C}.Debug|x64.ActiveCfg = Debug|Any CPU
		{9CD576B5-812A-4EA5-987C-72FA84D9F71C}.Debug|x64.Build.0 = Debug|Any CPU
		{9CD576B5-812A-4EA5-987C-72FA84D9F71C}.Debug|x86.ActiveCfg = Debug|Any CPU
		{9CD576B5-812A-4EA5-987C-72FA84D9F71C}.Debug|x86.Build.0 = Debug|Any CPU
		{9CD576B5-812A-4EA5-987C-72FA84D9F71C}.Release|Any CPU.ActiveCfg = Release|Any CPU
		{9CD576B5-812A-4EA5-987C-72FA84D9F71C}.Release|Any CPU.Build.0 = Release|Any CPU
		{9CD576B5-812A-4EA5-987C-72FA84D9F71C}.Release|x64.ActiveCfg = Release|Any CPU
		{9CD576B5-812A-4EA5-987C-72FA84D9F71C}.Release|x64.Build.0 = Release|Any CPU
		{9CD576B5-812A-4EA5-987C-72FA84D9F71C}.Release|x86.ActiveCfg = Release|Any CPU
		{9CD576B5-812A-4EA5-987C-72FA84D9F71C}.Release|x86.Build.0 = Release|Any CPU
		{737E4480-1918-4075-B48E-D7A94F591111}.Debug|Any CPU.ActiveCfg = Debug|Any CPU
		{737E4480-1918-4075-B48E-D7A94F591111}.Debug|Any CPU.Build.0 = Debug|Any CPU
		{737E4480-1918-4075-B48E-D7A94F591111}.Debug|x64.ActiveCfg = Debug|Any CPU
		{737E4480-1918-4075-B48E-D7A94F591111}.Debug|x64.Build.0 = Debug|Any CPU
		{737E4480-1918-4075-B48E-D7A94F591111}.Debug|x86.ActiveCfg = Debug|Any CPU
		{737E4480-1918-4075-B48E-D7A94F591111}.Debug|x86.Build.0 = Debug|Any CPU
		{737E4480-1918-4075-B48E-D7A94F591111}.Release|Any CPU.ActiveCfg = Release|Any CPU
		{737E4480-1918-4075-B48E-D7A94F591111}.Release|Any CPU.Build.0 = Release|Any CPU
		{737E4480-1918-4075-B48E-D7A94F591111}.Release|x64.ActiveCfg = Release|Any CPU
		{737E4480-1918-4075-B48E-D7A94F591111}.Release|x64.Build.0 = Release|Any CPU
		{737E4480-1918-4075-B48E-D7A94F591111}.Release|x86.ActiveCfg = Release|Any CPU
		{737E4480-1918-4075-B48E-D7A94F591111}.Release|x86.Build.0 = Release|Any CPU
		{9590BE09-B6B7-44B1-AE2D-B589EDB4AD70}.Debug|Any CPU.ActiveCfg = Debug|Any CPU
		{9590BE09-B6B7-44B1-AE2D-B589EDB4AD70}.Debug|Any CPU.Build.0 = Debug|Any CPU
		{9590BE09-B6B7-44B1-AE2D-B589EDB4AD70}.Debug|x64.ActiveCfg = Debug|Any CPU
		{9590BE09-B6B7-44B1-AE2D-B589EDB4AD70}.Debug|x64.Build.0 = Debug|Any CPU
		{9590BE09-B6B7-44B1-AE2D-B589EDB4AD70}.Debug|x86.ActiveCfg = Debug|Any CPU
		{9590BE09-B6B7-44B1-AE2D-B589EDB4AD70}.Debug|x86.Build.0 = Debug|Any CPU
		{9590BE09-B6B7-44B1-AE2D-B589EDB4AD70}.Release|Any CPU.ActiveCfg = Release|Any CPU
		{9590BE09-B6B7-44B1-AE2D-B589EDB4AD70}.Release|Any CPU.Build.0 = Release|Any CPU
		{9590BE09-B6B7-44B1-AE2D-B589EDB4AD70}.Release|x64.ActiveCfg = Release|Any CPU
		{9590BE09-B6B7-44B1-AE2D-B589EDB4AD70}.Release|x64.Build.0 = Release|Any CPU
		{9590BE09-B6B7-44B1-AE2D-B589EDB4AD70}.Release|x86.ActiveCfg = Release|Any CPU
		{9590BE09-B6B7-44B1-AE2D-B589EDB4AD70}.Release|x86.Build.0 = Release|Any CPU
		{D83C48A9-75B1-4B32-AF24-C8D8E6B2FFA1}.Debug|Any CPU.ActiveCfg = Debug|Any CPU
		{D83C48A9-75B1-4B32-AF24-C8D8E6B2FFA1}.Debug|Any CPU.Build.0 = Debug|Any CPU
		{D83C48A9-75B1-4B32-AF24-C8D8E6B2FFA1}.Debug|x64.ActiveCfg = Debug|Any CPU
		{D83C48A9-75B1-4B32-AF24-C8D8E6B2FFA1}.Debug|x64.Build.0 = Debug|Any CPU
		{D83C48A9-75B1-4B32-AF24-C8D8E6B2FFA1}.Debug|x86.ActiveCfg = Debug|Any CPU
		{D83C48A9-75B1-4B32-AF24-C8D8E6B2FFA1}.Debug|x86.Build.0 = Debug|Any CPU
		{D83C48A9-75B1-4B32-AF24-C8D8E6B2FFA1}.Release|Any CPU.ActiveCfg = Release|Any CPU
		{D83C48A9-75B1-4B32-AF24-C8D8E6B2FFA1}.Release|Any CPU.Build.0 = Release|Any CPU
		{D83C48A9-75B1-4B32-AF24-C8D8E6B2FFA1}.Release|x64.ActiveCfg = Release|Any CPU
		{D83C48A9-75B1-4B32-AF24-C8D8E6B2FFA1}.Release|x64.Build.0 = Release|Any CPU
		{D83C48A9-75B1-4B32-AF24-C8D8E6B2FFA1}.Release|x86.ActiveCfg = Release|Any CPU
		{D83C48A9-75B1-4B32-AF24-C8D8E6B2FFA1}.Release|x86.Build.0 = Release|Any CPU
		{8BDED974-C717-428C-D7B1-F1A2AF4831F1}.Debug|Any CPU.ActiveCfg = Debug|Any CPU
		{8BDED974-C717-428C-D7B1-F1A2AF4831F1}.Debug|Any CPU.Build.0 = Debug|Any CPU
		{8BDED974-C717-428C-D7B1-F1A2AF4831F1}.Debug|x64.ActiveCfg = Debug|Any CPU
		{8BDED974-C717-428C-D7B1-F1A2AF4831F1}.Debug|x64.Build.0 = Debug|Any CPU
		{8BDED974-C717-428C-D7B1-F1A2AF4831F1}.Debug|x86.ActiveCfg = Debug|Any CPU
		{8BDED974-C717-428C-D7B1-F1A2AF4831F1}.Debug|x86.Build.0 = Debug|Any CPU
		{8BDED974-C717-428C-D7B1-F1A2AF4831F1}.Release|Any CPU.ActiveCfg = Release|Any CPU
		{8BDED974-C717-428C-D7B1-F1A2AF4831F1}.Release|Any CPU.Build.0 = Release|Any CPU
		{8BDED974-C717-428C-D7B1-F1A2AF4831F1}.Release|x64.ActiveCfg = Release|Any CPU
		{8BDED974-C717-428C-D7B1-F1A2AF4831F1}.Release|x64.Build.0 = Release|Any CPU
		{8BDED974-C717-428C-D7B1-F1A2AF4831F1}.Release|x86.ActiveCfg = Release|Any CPU
		{8BDED974-C717-428C-D7B1-F1A2AF4831F1}.Release|x86.Build.0 = Release|Any CPU
		{8F4F382E-0D66-134B-BD47-51268FCFBA19}.Debug|Any CPU.ActiveCfg = Debug|Any CPU
		{8F4F382E-0D66-134B-BD47-51268FCFBA19}.Debug|Any CPU.Build.0 = Debug|Any CPU
		{8F4F382E-0D66-134B-BD47-51268FCFBA19}.Debug|x64.ActiveCfg = Debug|Any CPU
		{8F4F382E-0D66-134B-BD47-51268FCFBA19}.Debug|x64.Build.0 = Debug|Any CPU
		{8F4F382E-0D66-134B-BD47-51268FCFBA19}.Debug|x86.ActiveCfg = Debug|Any CPU
		{8F4F382E-0D66-134B-BD47-51268FCFBA19}.Debug|x86.Build.0 = Debug|Any CPU
		{8F4F382E-0D66-134B-BD47-51268FCFBA19}.Release|Any CPU.ActiveCfg = Release|Any CPU
		{8F4F382E-0D66-134B-BD47-51268FCFBA19}.Release|Any CPU.Build.0 = Release|Any CPU
		{8F4F382E-0D66-134B-BD47-51268FCFBA19}.Release|x64.ActiveCfg = Release|Any CPU
		{8F4F382E-0D66-134B-BD47-51268FCFBA19}.Release|x64.Build.0 = Release|Any CPU
		{8F4F382E-0D66-134B-BD47-51268FCFBA19}.Release|x86.ActiveCfg = Release|Any CPU
		{8F4F382E-0D66-134B-BD47-51268FCFBA19}.Release|x86.Build.0 = Release|Any CPU
		{E97AA169-5906-9560-1805-7FE7597C83BB}.Debug|Any CPU.ActiveCfg = Debug|Any CPU
		{E97AA169-5906-9560-1805-7FE7597C83BB}.Debug|Any CPU.Build.0 = Debug|Any CPU
		{E97AA169-5906-9560-1805-7FE7597C83BB}.Debug|x64.ActiveCfg = Debug|Any CPU
		{E97AA169-5906-9560-1805-7FE7597C83BB}.Debug|x64.Build.0 = Debug|Any CPU
		{E97AA169-5906-9560-1805-7FE7597C83BB}.Debug|x86.ActiveCfg = Debug|Any CPU
		{E97AA169-5906-9560-1805-7FE7597C83BB}.Debug|x86.Build.0 = Debug|Any CPU
		{E97AA169-5906-9560-1805-7FE7597C83BB}.Release|Any CPU.ActiveCfg = Debug|Any CPU
		{E97AA169-5906-9560-1805-7FE7597C83BB}.Release|Any CPU.Build.0 = Debug|Any CPU
		{E97AA169-5906-9560-1805-7FE7597C83BB}.Release|x64.ActiveCfg = Debug|Any CPU
		{E97AA169-5906-9560-1805-7FE7597C83BB}.Release|x64.Build.0 = Debug|Any CPU
		{E97AA169-5906-9560-1805-7FE7597C83BB}.Release|x86.ActiveCfg = Debug|Any CPU
		{E97AA169-5906-9560-1805-7FE7597C83BB}.Release|x86.Build.0 = Debug|Any CPU
		{19CD0B31-CDBA-7499-6B78-B3699FA91985}.Debug|Any CPU.ActiveCfg = Debug|Any CPU
		{19CD0B31-CDBA-7499-6B78-B3699FA91985}.Debug|Any CPU.Build.0 = Debug|Any CPU
		{19CD0B31-CDBA-7499-6B78-B3699FA91985}.Debug|x64.ActiveCfg = Debug|Any CPU
		{19CD0B31-CDBA-7499-6B78-B3699FA91985}.Debug|x64.Build.0 = Debug|Any CPU
		{19CD0B31-CDBA-7499-6B78-B3699FA91985}.Debug|x86.ActiveCfg = Debug|Any CPU
		{19CD0B31-CDBA-7499-6B78-B3699FA91985}.Debug|x86.Build.0 = Debug|Any CPU
		{19CD0B31-CDBA-7499-6B78-B3699FA91985}.Release|Any CPU.ActiveCfg = Debug|Any CPU
		{19CD0B31-CDBA-7499-6B78-B3699FA91985}.Release|Any CPU.Build.0 = Debug|Any CPU
		{19CD0B31-CDBA-7499-6B78-B3699FA91985}.Release|x64.ActiveCfg = Debug|Any CPU
		{19CD0B31-CDBA-7499-6B78-B3699FA91985}.Release|x64.Build.0 = Debug|Any CPU
		{19CD0B31-CDBA-7499-6B78-B3699FA91985}.Release|x86.ActiveCfg = Debug|Any CPU
		{19CD0B31-CDBA-7499-6B78-B3699FA91985}.Release|x86.Build.0 = Debug|Any CPU
		{A9807B56-ABAE-FC54-E455-F6F1CAEFB532}.Debug|Any CPU.ActiveCfg = Debug|Any CPU
		{A9807B56-ABAE-FC54-E455-F6F1CAEFB532}.Debug|Any CPU.Build.0 = Debug|Any CPU
		{A9807B56-ABAE-FC54-E455-F6F1CAEFB532}.Debug|x64.ActiveCfg = Debug|Any CPU
		{A9807B56-ABAE-FC54-E455-F6F1CAEFB532}.Debug|x64.Build.0 = Debug|Any CPU
		{A9807B56-ABAE-FC54-E455-F6F1CAEFB532}.Debug|x86.ActiveCfg = Debug|Any CPU
		{A9807B56-ABAE-FC54-E455-F6F1CAEFB532}.Debug|x86.Build.0 = Debug|Any CPU
		{A9807B56-ABAE-FC54-E455-F6F1CAEFB532}.Release|Any CPU.ActiveCfg = Debug|Any CPU
		{A9807B56-ABAE-FC54-E455-F6F1CAEFB532}.Release|Any CPU.Build.0 = Debug|Any CPU
		{A9807B56-ABAE-FC54-E455-F6F1CAEFB532}.Release|x64.ActiveCfg = Debug|Any CPU
		{A9807B56-ABAE-FC54-E455-F6F1CAEFB532}.Release|x64.Build.0 = Debug|Any CPU
		{A9807B56-ABAE-FC54-E455-F6F1CAEFB532}.Release|x86.ActiveCfg = Debug|Any CPU
		{A9807B56-ABAE-FC54-E455-F6F1CAEFB532}.Release|x86.Build.0 = Debug|Any CPU
		{98EAA7BB-3B9D-4D69-9FE0-DF3DD72F01F2}.Debug|Any CPU.ActiveCfg = Debug|Any CPU
		{98EAA7BB-3B9D-4D69-9FE0-DF3DD72F01F2}.Debug|Any CPU.Build.0 = Debug|Any CPU
		{98EAA7BB-3B9D-4D69-9FE0-DF3DD72F01F2}.Debug|x64.ActiveCfg = Debug|Any CPU
		{98EAA7BB-3B9D-4D69-9FE0-DF3DD72F01F2}.Debug|x64.Build.0 = Debug|Any CPU
		{98EAA7BB-3B9D-4D69-9FE0-DF3DD72F01F2}.Debug|x86.ActiveCfg = Debug|Any CPU
		{98EAA7BB-3B9D-4D69-9FE0-DF3DD72F01F2}.Debug|x86.Build.0 = Debug|Any CPU
		{98EAA7BB-3B9D-4D69-9FE0-DF3DD72F01F2}.Release|Any CPU.ActiveCfg = Release|Any CPU
		{98EAA7BB-3B9D-4D69-9FE0-DF3DD72F01F2}.Release|Any CPU.Build.0 = Release|Any CPU
		{98EAA7BB-3B9D-4D69-9FE0-DF3DD72F01F2}.Release|x64.ActiveCfg = Release|Any CPU
		{98EAA7BB-3B9D-4D69-9FE0-DF3DD72F01F2}.Release|x64.Build.0 = Release|Any CPU
		{98EAA7BB-3B9D-4D69-9FE0-DF3DD72F01F2}.Release|x86.ActiveCfg = Release|Any CPU
		{98EAA7BB-3B9D-4D69-9FE0-DF3DD72F01F2}.Release|x86.Build.0 = Release|Any CPU
	EndGlobalSection
	GlobalSection(SolutionProperties) = preSolution
		HideSolutionNode = FALSE
	EndGlobalSection
	GlobalSection(ExtensibilityGlobals) = postSolution
		SolutionGuid = {6D564F96-AEF8-4A2B-A23D-2E77C595DCE8}
	EndGlobalSection
EndGlobal
